
Microsoft Visual Studio Solution File, Format Version 12.00
# Visual Studio Version 17
VisualStudioVersion = 17.1.32210.238
MinimumVisualStudioVersion = 10.0.40219.1
Project("{FAE04EC0-301F-11D3-BF4B-00C04F79EFBC}") = "ConsoleApp1", "ConsoleApp1\ConsoleApp1.csproj", "{E42ACB92-951B-4B3A-9535-E03A0B478125}"
EndProject
Global
	GlobalSection(SolutionConfigurationPlatforms) = preSolution
		Debug|Any CPU = Debug|Any CPU
		Release|Any CPU = Release|Any CPU
	EndGlobalSection
	GlobalSection(ProjectConfigurationPlatforms) = postSolution
		{E42ACB92-951B-4B3A-9535-E03A0B478125}.Debug|Any CPU.ActiveCfg = Debug|Any CPU
		{E42ACB92-951B-4B3A-9535-E03A0B478125}.Debug|Any CPU.Build.0 = Debug|Any CPU
		{E42ACB92-951B-4B3A-9535-E03A0B478125}.Release|Any CPU.ActiveCfg = Release|Any CPU
		{E42ACB92-951B-4B3A-9535-E03A0B478125}.Release|Any CPU.Build.0 = Release|Any CPU
	EndGlobalSection
	GlobalSection(SolutionProperties) = preSolution
		HideSolutionNode = FALSE
	EndGlobalSection
	GlobalSection(ExtensibilityGlobals) = postSolution
		SolutionGuid = {EEAA2B70-87C5-4E65-BA1B-F38DCC06DED2}
	EndGlobalSection
EndGlobal
